
Microsoft Visual Studio Solution File, Format Version 12.00
# Visual Studio 14
VisualStudioVersion = 14.0.25420.1
MinimumVisualStudioVersion = 10.0.40219.1
Project("{FAE04EC0-301F-11D3-BF4B-00C04F79EFBC}") = "MoneyChanger_API", "MoneyChanger_API\MoneyChanger_API.csproj", "{396F9EDF-77F0-4D83-A899-750D6939DC45}"
EndProject
Project("{FAE04EC0-301F-11D3-BF4B-00C04F79EFBC}") = "MoneyChanger_API.Tests", "MoneyChanger_API.Tests\MoneyChanger_API.Tests.csproj", "{A214DD6E-6FFD-4C13-B037-AD200C853CEE}"
EndProject
Global
	GlobalSection(SolutionConfigurationPlatforms) = preSolution
		Debug|Any CPU = Debug|Any CPU
		Release|Any CPU = Release|Any CPU
	EndGlobalSection
	GlobalSection(ProjectConfigurationPlatforms) = postSolution
		{396F9EDF-77F0-4D83-A899-750D6939DC45}.Debug|Any CPU.ActiveCfg = Debug|Any CPU
		{396F9EDF-77F0-4D83-A899-750D6939DC45}.Debug|Any CPU.Build.0 = Debug|Any CPU
		{396F9EDF-77F0-4D83-A899-750D6939DC45}.Release|Any CPU.ActiveCfg = Release|Any CPU
		{396F9EDF-77F0-4D83-A899-750D6939DC45}.Release|Any CPU.Build.0 = Release|Any CPU
		{A214DD6E-6FFD-4C13-B037-AD200C853CEE}.Debug|Any CPU.ActiveCfg = Debug|Any CPU
		{A214DD6E-6FFD-4C13-B037-AD200C853CEE}.Debug|Any CPU.Build.0 = Debug|Any CPU
		{A214DD6E-6FFD-4C13-B037-AD200C853CEE}.Release|Any CPU.ActiveCfg = Release|Any CPU
		{A214DD6E-6FFD-4C13-B037-AD200C853CEE}.Release|Any CPU.Build.0 = Release|Any CPU
	EndGlobalSection
	GlobalSection(SolutionProperties) = preSolution
		HideSolutionNode = FALSE
	EndGlobalSection
EndGlobal
